
Microsoft Visual Studio Solution File, Format Version 12.00
# Visual Studio 15
VisualStudioVersion = 15.0.27004.2006
MinimumVisualStudioVersion = 10.0.40219.1
Project("{FAE04EC0-301F-11D3-BF4B-00C04F79EFBC}") = "WebhooksDemo", "WebhooksDemo\WebhooksDemo.csproj", "{038FB4D3-3D63-48C8-BDC3-DCF15918599C}"
EndProject
Global
	GlobalSection(SolutionConfigurationPlatforms) = preSolution
		Debug|Any CPU = Debug|Any CPU
		Release|Any CPU = Release|Any CPU
	EndGlobalSection
	GlobalSection(ProjectConfigurationPlatforms) = postSolution
		{038FB4D3-3D63-48C8-BDC3-DCF15918599C}.Debug|Any CPU.ActiveCfg = Debug|Any CPU
		{038FB4D3-3D63-48C8-BDC3-DCF15918599C}.Debug|Any CPU.Build.0 = Debug|Any CPU
		{038FB4D3-3D63-48C8-BDC3-DCF15918599C}.Release|Any CPU.ActiveCfg = Release|Any CPU
		{038FB4D3-3D63-48C8-BDC3-DCF15918599C}.Release|Any CPU.Build.0 = Release|Any CPU
	EndGlobalSection
	GlobalSection(SolutionProperties) = preSolution
		HideSolutionNode = FALSE
	EndGlobalSection
	GlobalSection(ExtensibilityGlobals) = postSolution
		SolutionGuid = {BBFD1F68-EE69-4EFF-A3E1-1C960D4D3D31}
	EndGlobalSection
EndGlobal
